<?xml version="1.0" encoding="utf-8"?>
<Project ToolsVersion="4.0" xmlns="http://schemas.microsoft.com/developer/msbuild/2003">
  <ItemGroup>
    <Filter Include="Resource Files">
      <UniqueIdentifier>{67DA6AB6-F800-4c08-8B7A-83BB121AAD01}</UniqueIdentifier>
      <Extensions>rc;ico;cur;bmp;dlg;rc2;rct;bin;rgs;gif;jpg;jpeg;jpe;resx;tiff;tif;png;wav;mfcribbon-ms</Extensions>
    </Filter>
    <Filter Include="main_application">
      <UniqueIdentifier>{4FC737F1-C7A5-4376-A066-2A32D752A2FF}</UniqueIdentifier>
      <Extensions>cpp;c;cc;cxx;c++;cppm;ixx;def;odl;idl;hpj;bat;asm;asmx</Extensions>
    </Filter>
    <Filter Include="senn">
      <UniqueIdentifier>{770b84a4-daab-4cd1-822f-c96b47c78e57}</UniqueIdentifier>
    </Filter>
    <Filter Include="medlay">
      <UniqueIdentifier>{d7df3acd-728a-4e2f-a98e-a0e072137c23}</UniqueIdentifier>
    </Filter>
  </ItemGroup>
  <ItemGroup>
    <ClCompile Include="main.cpp">
      <Filter>main_application</Filter>
    </ClCompile>
    <ClCompile Include="stage_game.cpp">
      <Filter>main_application</Filter>
    </ClCompile>
    <ClCompile Include="senn\ctnet.cpp">
      <Filter>senn</Filter>
    </ClCompile>
    <ClCompile Include="senn\senn.cpp">
      <Filter>senn</Filter>
    </ClCompile>
    <ClCompile Include="medlay\ctmedlay.cpp">
      <Filter>medlay</Filter>
    </ClCompile>
    <ClCompile Include="medlay\ctobject.cpp">
      <Filter>medlay</Filter>
    </ClCompile>
    <ClCompile Include="medlay\medialayer.cpp">
      <Filter>medlay</Filter>
    </ClCompile>
    <ClCompile Include="vehicle.cpp">
      <Filter>main_application</Filter>
    </ClCompile>
    <ClCompile Include="target.cpp">
      <Filter>main_application</Filter>
    </ClCompile>
    <ClCompile Include="medlay\ctmath.cpp">
      <Filter>medlay</Filter>
    </ClCompile>
  </ItemGroup>
  <ItemGroup>
    <ClInclude Include="stage_game.h">
      <Filter>main_application</Filter>
    </ClInclude>
    <ClInclude Include="senn\ctnet.h">
      <Filter>senn</Filter>
    </ClInclude>
    <ClInclude Include="senn\node.h">
      <Filter>senn</Filter>
    </ClInclude>
    <ClInclude Include="senn\senn.h">
      <Filter>senn</Filter>
    </ClInclude>
    <ClInclude Include="medlay\ctcolor.h">
      <Filter>medlay</Filter>
    </ClInclude>
    <ClInclude Include="medlay\ctmath.h">
      <Filter>medlay</Filter>
    </ClInclude>
    <ClInclude Include="medlay\ctmedlay.h">
      <Filter>medlay</Filter>
    </ClInclude>
    <ClInclude Include="medlay\ctobject.h">
      <Filter>medlay</Filter>
    </ClInclude>
    <ClInclude Include="medlay\ctvec2.h">
      <Filter>medlay</Filter>
    </ClInclude>
    <ClInclude Include="medlay\medialayer.h">
      <Filter>medlay</Filter>
    </ClInclude>
    <ClInclude Include="stage.h">
      <Filter>main_application</Filter>
    </ClInclude>
    <ClInclude Include="vehicle.h">
      <Filter>main_application</Filter>
    </ClInclude>
    <ClInclude Include="target.h">
      <Filter>main_application</Filter>
    </ClInclude>
    <ClInclude Include="medlay\ctline.h">
      <Filter>medlay</Filter>
    </ClInclude>
  </ItemGroup>
  <ItemGroup>
    <Text Include="senn\release_notes.txt">
      <Filter>senn</Filter>
    </Text>
    <Text Include="medlay\release_notes.txt">
      <Filter>medlay</Filter>
    </Text>
  </ItemGroup>
</Project>